#
# This file is autogenerated by pip-compile with python 3.7
# To update, run:
#
#    pip-compile requirements.in
#
absl-py==1.0.0
    # via tensorboard
aiohttp==3.8.1
    # via
    #   aiohttp-cors
    #   ray
aiohttp-cors==0.7.0
    # via ray
aioredis==1.3.1
    # via ray
aiosignal==1.2.0
    # via aiohttp
async-timeout==4.0.1
    # via
    #   aiohttp
    #   aioredis
asynctest==0.13.0
    # via aiohttp
attrs==21.2.0
    # via
    #   aiohttp
    #   jsonschema
bayesian-optimization==1.2.0
    # via nevergrad
blessings==1.7
    # via gpustat
cachetools==4.2.4
    # via google-auth
certifi==2021.10.8
    # via requests
charset-normalizer==2.0.7
    # via
    #   aiohttp
    #   requests
click==8.0.3
    # via ray
cloudpickle==2.0.0
    # via gym
cma==3.1.0
    # via nevergrad
colorama==0.4.4
    # via ray
cycler==0.11.0
    # via matplotlib
deprecated==1.2.13
    # via redis
filelock==3.4.0
    # via ray
fonttools==4.28.1
    # via matplotlib
frozenlist==1.2.0
    # via
    #   aiohttp
    #   aiosignal
google-api-core==2.2.2
    # via opencensus
google-auth==2.3.3
    # via
    #   google-api-core
    #   google-auth-oauthlib
    #   tensorboard
google-auth-oauthlib==0.4.6
    # via tensorboard
googleapis-common-protos==1.53.0
    # via google-api-core
gpustat==0.6.0
    # via ray
grpcio==1.42.0
    # via
    #   ray
    #   tensorboard
gym==0.21.0
    # via -r requirements.in
hiredis==2.0.0
    # via aioredis
idna==3.3
    # via
    #   requests
    #   yarl
importlib-metadata==4.8.2
    # via
    #   click
    #   gym
    #   jsonschema
    #   markdown
importlib-resources==5.4.0
    # via jsonschema
joblib==1.1.0
    # via scikit-learn
jsonschema==4.2.1
    # via ray
kiwisolver==1.3.2
    # via matplotlib
markdown==3.3.6
    # via tensorboard
matplotlib==3.5.0
    # via seaborn
msgpack==1.0.2
    # via ray
multidict==5.2.0
    # via
    #   aiohttp
    #   yarl
nevergrad==0.4.3.post9
    # via -r requirements.in
numpy==1.21.4
    # via
    #   -r requirements.in
    #   bayesian-optimization
    #   gym
    #   matplotlib
    #   nevergrad
    #   pandas
    #   ray
    #   scikit-learn
    #   scipy
    #   seaborn
    #   tensorboard
nvidia-ml-py3==7.352.0
    # via gpustat
oauthlib==3.1.1
    # via requests-oauthlib
opencensus==0.8.0
    # via ray
opencensus-context==0.1.2
    # via opencensus
packaging==21.3
    # via
    #   matplotlib
    #   setuptools-scm
pandas==1.3.4
    # via seaborn
pillow==8.4.0
    # via matplotlib
prometheus-client==0.12.0
    # via ray
protobuf==3.19.1
    # via
    #   google-api-core
    #   ray
    #   tensorboard
psutil==5.8.0
    # via gpustat
py-spy==0.3.11
    # via ray
pyasn1==0.4.8
    # via
    #   pyasn1-modules
    #   rsa
pyasn1-modules==0.2.8
    # via google-auth
pydantic==1.8.2
    # via ray
pyparsing==3.0.6
    # via
    #   matplotlib
    #   packaging
pyrsistent==0.18.0
    # via jsonschema
python-dateutil==2.8.2
    # via
    #   matplotlib
    #   pandas
pytz==2021.3
    # via pandas
pyyaml==6.0
    # via ray
ray==1.5.2
    # via -r requirements.in
redis==4.0.1
    # via ray
requests==2.26.0
    # via
    #   google-api-core
    #   ray
    #   requests-oauthlib
    #   tensorboard
requests-oauthlib==1.3.0
    # via google-auth-oauthlib
rsa==4.7.2
    # via google-auth
scikit-learn==1.0.1
    # via bayesian-optimization
scipy==1.7.2
    # via
    #   bayesian-optimization
    #   scikit-learn
    #   seaborn
seaborn==0.11.2
    # via -r requirements.in
setuptools-scm==6.3.2
    # via matplotlib
six==1.16.0
    # via
    #   absl-py
    #   blessings
    #   google-auth
    #   gpustat
    #   grpcio
    #   python-dateutil
tensorboard==2.7.0
    # via -r requirements.in
tensorboard-data-server==0.6.1
    # via tensorboard
tensorboard-plugin-wit==1.8.0
    # via tensorboard
threadpoolctl==3.0.0
    # via scikit-learn
tomli==1.2.2
    # via setuptools-scm
torch==1.10.0
    # via -r requirements.in
typing-extensions==4.0.0
    # via
    #   aiohttp
    #   async-timeout
    #   importlib-metadata
    #   nevergrad
    #   pydantic
    #   torch
    #   yarl
urllib3==1.26.7
    # via requests
werkzeug==2.0.2
    # via tensorboard
wheel==0.37.0
    # via tensorboard
wrapt==1.13.3
    # via deprecated
yarl==1.7.2
    # via aiohttp
zipp==3.6.0
    # via
    #   importlib-metadata
    #   importlib-resources

# The following packages are considered to be unsafe in a requirements file:
# setuptools
